
Microsoft Visual Studio Solution File, Format Version 12.00
# Visual Studio Version 17
VisualStudioVersion = 17.3.32811.315
MinimumVisualStudioVersion = 10.0.40219.1
Project("{FAE04EC0-301F-11D3-BF4B-00C04F79EFBC}") = "LeagueSumTimer", "LeagueSumTimer\LeagueSumTimer.csproj", "{FCC8068B-91D4-45E0-A79D-5648E8D14E98}"
EndProject
Global
	GlobalSection(SolutionConfigurationPlatforms) = preSolution
		Debug|Any CPU = Debug|Any CPU
		Release|Any CPU = Release|Any CPU
	EndGlobalSection
	GlobalSection(ProjectConfigurationPlatforms) = postSolution
		{FCC8068B-91D4-45E0-A79D-5648E8D14E98}.Debug|Any CPU.ActiveCfg = Debug|Any CPU
		{FCC8068B-91D4-45E0-A79D-5648E8D14E98}.Debug|Any CPU.Build.0 = Debug|Any CPU
		{FCC8068B-91D4-45E0-A79D-5648E8D14E98}.Release|Any CPU.ActiveCfg = Release|Any CPU
		{FCC8068B-91D4-45E0-A79D-5648E8D14E98}.Release|Any CPU.Build.0 = Release|Any CPU
	EndGlobalSection
	GlobalSection(SolutionProperties) = preSolution
		HideSolutionNode = FALSE
	EndGlobalSection
	GlobalSection(ExtensibilityGlobals) = postSolution
		SolutionGuid = {E922E6C0-46E9-40EF-8C2C-8BA8FC39DFF0}
	EndGlobalSection
EndGlobal
